<?xml version="1.0" encoding="UTF-8" standalone="yes" ?>
<CodeBlocks_project_file>
	<FileVersion major="1" minor="6" />
	<Project>
		<Option title="PLMC" />
		<Option pch_mode="2" />
		<Option compiler="ifclin" />
		<Build>
			<Target title="plmc_generate">
				<Option output="bin/Debug/plmc_generate" prefix_auto="1" extension_auto="1" />
				<Option object_output="obj/Debug/" />
				<Option type="1" />
				<Option compiler="ifclin" />
				<Compiler>
					<Add option="-debug full" />
				</Compiler>
			</Target>
			<Target title="plmc_explore">
				<Option output="bin/Debug/plmc_explore" prefix_auto="1" extension_auto="1" />
				<Option object_output="obj/Debug/" />
				<Option type="1" />
				<Option compiler="ifclin" />
				<Compiler>
					<Add option="-debug full" />
				</Compiler>
			</Target>
			<Target title="density">
				<Option output="bin/Debug/density" prefix_auto="1" extension_auto="1" />
				<Option object_output="obj/Debug/" />
				<Option type="1" />
				<Option compiler="ifclin" />
				<Compiler>
					<Add option="-debug full" />
				</Compiler>
			</Target>
			<Target title="radial_inter">
				<Option output="bin/Debug/radial_inter" prefix_auto="1" extension_auto="1" />
				<Option object_output="obj/Debug/" />
				<Option type="1" />
				<Option compiler="ifclin" />
				<Compiler>
					<Add option="-debug full" />
				</Compiler>
			</Target>
			<Target title="radial_intra">
				<Option output="bin/Debug/radial_intra" prefix_auto="1" extension_auto="1" />
				<Option object_output="obj/Debug/" />
				<Option type="1" />
				<Option compiler="ifclin" />
				<Compiler>
					<Add option="-debug full" />
				</Compiler>
			</Target>
		</Build>
		<VirtualTargets>
			<Add alias="all" targets="plmc_generate;plmc_explore;density;radial_inter;radial_intra;" />
		</VirtualTargets>
		<Compiler>
			<Add option="-warn all" />
		</Compiler>
		<Unit filename="modules/changes/classes_changed_box_size_ratio.f90">
			<Option weight="2" />
		</Unit>
		<Unit filename="modules/changes/classes_coordinates_copier.f90">
			<Option weight="2" />
		</Unit>
		<Unit filename="modules/changes/classes_maximum_box_compression.f90">
			<Option weight="0" />
		</Unit>
		<Unit filename="modules/changes/module_move_tuning.f90">
			<Option weight="1" />
		</Unit>
		<Unit filename="modules/changes/move_tuner/classes_move_tuner.f90">
			<Option weight="2" />
		</Unit>
		<Unit filename="modules/changes/move_tuner/procedures_move_tuner_factory.f90">
			<Option weight="8" />
		</Unit>
		<Unit filename="modules/changes/move_tuner/types_move_tuner_parameters.f90">
			<Option weight="0" />
		</Unit>
		<Unit filename="modules/changes/move_tuner/types_move_tuner_wrapper.f90">
			<Option weight="3" />
		</Unit>
		<Unit filename="modules/changes/moved_coordinates/classes_changed_box_size.f90">
			<Option weight="3" />
		</Unit>
		<Unit filename="modules/changes/moved_coordinates/classes_moved_component_coordinates.f90">
			<Option weight="1" />
		</Unit>
		<Unit filename="modules/changes/moved_coordinates/classes_moved_coordinates.f90">
			<Option weight="0" />
		</Unit>
		<Unit filename="modules/changes/moved_coordinates/classes_rotated_orientations.f90">
			<Option weight="4" />
		</Unit>
		<Unit filename="modules/changes/moved_coordinates/classes_translated_positions.f90">
			<Option weight="4" />
		</Unit>
		<Unit filename="modules/changes/moved_coordinates/procedures_changed_boxes_size_factory.f90">
			<Option weight="9" />
		</Unit>
		<Unit filename="modules/changes/moved_coordinates/procedures_moved_component_coordinates_factory.f90">
			<Option weight="6" />
		</Unit>
		<Unit filename="modules/changes/moved_coordinates/types_changed_box_size_wrapper.f90">
			<Option weight="4" />
		</Unit>
		<Unit filename="modules/changes/procedures_changed_boxes_size_ratio_factory.f90">
			<Option weight="8" />
		</Unit>
		<Unit filename="modules/changes/procedures_changes_component_factory.f90">
			<Option weight="9" />
		</Unit>
		<Unit filename="modules/changes/procedures_changes_factory.f90">
			<Option weight="11" />
		</Unit>
		<Unit filename="modules/changes/procedures_coordinates_copier_factory.f90">
			<Option weight="3" />
		</Unit>
		<Unit filename="modules/changes/procedures_maximum_box_compression_factory.f90">
			<Option weight="8" />
		</Unit>
		<Unit filename="modules/changes/types_changes_component_wrapper.f90">
			<Option weight="3" />
		</Unit>
		<Unit filename="modules/changes/types_changes_wrapper.f90">
			<Option weight="5" />
		</Unit>
		<Unit filename="modules/common/classes_hetero_couples.f90">
			<Option weight="2" />
		</Unit>
		<Unit filename="modules/common/classes_number_to_string.f90">
			<Option weight="1" />
		</Unit>
		<Unit filename="modules/common/classes_plmc_propagator.f90">
			<Option weight="15" />
		</Unit>
		<Unit filename="modules/common/data_arguments.f90">
			<Option weight="0" />
		</Unit>
		<Unit filename="modules/common/data_constants.f90">
			<Option weight="0" />
		</Unit>
		<Unit filename="modules/common/data_input_prefixes.f90">
			<Option weight="0" />
		</Unit>
		<Unit filename="modules/common/data_output_objects.f90">
			<Option weight="0" />
		</Unit>
		<Unit filename="modules/common/data_strings.f90">
			<Option weight="0" />
		</Unit>
		<Unit filename="modules/common/procedures_checks.f90">
			<Option weight="1" />
		</Unit>
		<Unit filename="modules/common/procedures_command_arguments.f90">
			<Option weight="2" />
		</Unit>
		<Unit filename="modules/common/procedures_errors.f90">
			<Option weight="0" />
		</Unit>
		<Unit filename="modules/common/procedures_geometry.f90">
			<Option weight="1" />
		</Unit>
		<Unit filename="modules/common/procedures_hetero_couples_factory.f90">
			<Option weight="3" />
		</Unit>
		<Unit filename="modules/common/procedures_json_data_factory.f90">
			<Option weight="3" />
		</Unit>
		<Unit filename="modules/common/procedures_logical_factory.f90">
			<Option weight="1" />
		</Unit>
		<Unit filename="modules/common/procedures_markov_chain_explorer_factory.f90">
			<Option weight="15" />
		</Unit>
		<Unit filename="modules/common/procedures_markov_chain_generator_factory.f90">
			<Option weight="17" />
		</Unit>
		<Unit filename="modules/common/procedures_observables_factory.f90">
			<Option weight="8" />
		</Unit>
		<Unit filename="modules/common/procedures_physical_model_factory.f90">
			<Option weight="16" />
		</Unit>
		<Unit filename="modules/common/procedures_plmc_factory.f90">
			<Option weight="18" />
		</Unit>
		<Unit filename="modules/common/procedures_plmc_help.f90">
			<Option weight="1" />
		</Unit>
		<Unit filename="modules/common/procedures_plmc_iterations.f90">
			<Option weight="4" />
		</Unit>
		<Unit filename="modules/common/procedures_plmc_propagator_factory.f90">
			<Option weight="16" />
		</Unit>
		<Unit filename="modules/common/procedures_plmc_resetter.f90">
			<Option weight="14" />
		</Unit>
		<Unit filename="modules/common/procedures_plmc_visitor.f90">
			<Option weight="14" />
		</Unit>
		<Unit filename="modules/common/procedures_plmc_writer.f90">
			<Option weight="11" />
		</Unit>
		<Unit filename="modules/common/procedures_property_inquirers.f90">
			<Option weight="2" />
		</Unit>
		<Unit filename="modules/common/procedures_reals_factory.f90">
			<Option weight="1" />
		</Unit>
		<Unit filename="modules/common/procedures_string_factory.f90">
			<Option weight="3" />
		</Unit>
		<Unit filename="modules/common/procedures_visit_condition.f90">
			<Option weight="0" />
		</Unit>
		<Unit filename="modules/common/types_exploring_io.f90">
			<Option weight="11" />
		</Unit>
		<Unit filename="modules/common/types_generating_io.f90">
			<Option weight="11" />
		</Unit>
		<Unit filename="modules/common/types_logical_line.f90">
			<Option weight="0" />
		</Unit>
		<Unit filename="modules/common/types_markov_chain_explorer_wrapper.f90">
			<Option weight="14" />
		</Unit>
		<Unit filename="modules/common/types_markov_chain_generator_wrapper.f90">
			<Option weight="16" />
		</Unit>
		<Unit filename="modules/common/types_physical_model_wrapper.f90">
			<Option weight="13" />
		</Unit>
		<Unit filename="modules/common/types_potential_domain.f90">
			<Option weight="0" />
		</Unit>
		<Unit filename="modules/common/types_potential_domain_selector.f90">
			<Option weight="0" />
		</Unit>
		<Unit filename="modules/common/types_reals_line.f90">
			<Option weight="0" />
		</Unit>
		<Unit filename="modules/common/types_string_wrapper.f90">
			<Option weight="2" />
		</Unit>
		<Unit filename="modules/dipolar_interactions/classes_des_convergence_parameter.f90">
			<Option weight="2" />
		</Unit>
		<Unit filename="modules/dipolar_interactions/classes_des_surf_mixture.f90">
			<Option weight="9" />
		</Unit>
		<Unit filename="modules/dipolar_interactions/classes_dipolar_interactions_facade.f90">
			<Option weight="12" />
		</Unit>
		<Unit filename="modules/dipolar_interactions/classes_structure_factor.f90">
			<Option weight="2" />
		</Unit>
		<Unit filename="modules/dipolar_interactions/classes_structure_visitor.f90">
			<Option weight="2" />
		</Unit>
		<Unit filename="modules/dipolar_interactions/des_real/classes_des_real_component.f90">
			<Option weight="5" />
		</Unit>
		<Unit filename="modules/dipolar_interactions/des_real/classes_des_real_pair.f90">
			<Option weight="4" />
		</Unit>
		<Unit filename="modules/dipolar_interactions/des_real/procedures_des_real_component_factory.f90">
			<Option weight="6" />
		</Unit>
		<Unit filename="modules/dipolar_interactions/des_real/procedures_des_real_factory.f90">
			<Option weight="10" />
		</Unit>
		<Unit filename="modules/dipolar_interactions/des_real/procedures_des_real_pair_factory.f90">
			<Option weight="5" />
		</Unit>
		<Unit filename="modules/dipolar_interactions/des_real/types_des_real_component_wrapper.f90">
			<Option weight="6" />
		</Unit>
		<Unit filename="modules/dipolar_interactions/des_reci/classes_des_reci_structure.f90">
			<Option weight="8" />
		</Unit>
		<Unit filename="modules/dipolar_interactions/des_reci/classes_des_reci_visitor.f90">
			<Option weight="9" />
		</Unit>
		<Unit filename="modules/dipolar_interactions/des_reci/classes_des_reci_weight.f90">
			<Option weight="4" />
		</Unit>
		<Unit filename="modules/dipolar_interactions/des_reci/procedures_des_reci_factory.f90">
			<Option weight="11" />
		</Unit>
		<Unit filename="modules/dipolar_interactions/des_reci/procedures_des_reci_structure_factory.f90">
			<Option weight="9" />
		</Unit>
		<Unit filename="modules/dipolar_interactions/des_reci/procedures_des_reci_visitors_factory.f90">
			<Option weight="10" />
		</Unit>
		<Unit filename="modules/dipolar_interactions/des_reci/procedures_des_reci_weight_factory.f90">
			<Option weight="5" />
		</Unit>
		<Unit filename="modules/dipolar_interactions/des_self/classes_des_self_component.f90">
			<Option weight="5" />
		</Unit>
		<Unit filename="modules/dipolar_interactions/des_self/procedures_des_self_component_factory.f90">
			<Option weight="6" />
		</Unit>
		<Unit filename="modules/dipolar_interactions/des_self/procedures_des_self_factory.f90">
			<Option weight="8" />
		</Unit>
		<Unit filename="modules/dipolar_interactions/des_self/types_des_self_component_wrapper.f90">
			<Option weight="6" />
		</Unit>
		<Unit filename="modules/dipolar_interactions/dlc/classes_dlc_structures.f90">
			<Option weight="8" />
		</Unit>
		<Unit filename="modules/dipolar_interactions/dlc/classes_dlc_visitor.f90">
			<Option weight="9" />
		</Unit>
		<Unit filename="modules/dipolar_interactions/dlc/classes_dlc_weight.f90">
			<Option weight="4" />
		</Unit>
		<Unit filename="modules/dipolar_interactions/dlc/procedures_dlc_factory.f90">
			<Option weight="11" />
		</Unit>
		<Unit filename="modules/dipolar_interactions/dlc/procedures_dlc_structures_factory.f90">
			<Option weight="9" />
		</Unit>
		<Unit filename="modules/dipolar_interactions/dlc/procedures_dlc_visitors_factory.f90">
			<Option weight="10" />
		</Unit>
		<Unit filename="modules/dipolar_interactions/dlc/procedures_dlc_weight_factory.f90">
			<Option weight="8" />
		</Unit>
		<Unit filename="modules/dipolar_interactions/procedures_des_convergence_parameter_factory.f90">
			<Option weight="3" />
		</Unit>
		<Unit filename="modules/dipolar_interactions/procedures_des_surf_mixture_factory.f90">
			<Option weight="10" />
		</Unit>
		<Unit filename="modules/dipolar_interactions/procedures_dipolar_interactions_facades_factory.f90">
			<Option weight="15" />
		</Unit>
		<Unit filename="modules/dipolar_interactions/procedures_dipolar_interactions_factory.f90">
			<Option weight="12" />
		</Unit>
		<Unit filename="modules/dipolar_interactions/procedures_dipolar_interactions_micro.f90">
			<Option weight="1" />
		</Unit>
		<Unit filename="modules/dipolar_interactions/procedures_dipolar_interactions_resetter.f90">
			<Option weight="10" />
		</Unit>
		<Unit filename="modules/dipolar_interactions/procedures_dipolar_interactions_visitor.f90">
			<Option weight="11" />
		</Unit>
		<Unit filename="modules/dipolar_interactions/procedures_dipoles_field_interaction.f90">
			<Option weight="7" />
		</Unit>
		<Unit filename="modules/dipolar_interactions/types_dipolar_interactions_dynamic_wrapper.f90">
			<Option weight="10" />
		</Unit>
		<Unit filename="modules/dipolar_interactions/types_dipolar_interactions_static_wrapper.f90">
			<Option weight="9" />
		</Unit>
		<Unit filename="modules/environment/boxes/classes_box_size_checker.f90">
			<Option weight="5" />
		</Unit>
		<Unit filename="modules/environment/boxes/classes_box_size_memento.f90">
			<Option weight="3" />
		</Unit>
		<Unit filename="modules/environment/boxes/classes_parallelepiped_domain.f90">
			<Option weight="5" />
		</Unit>
		<Unit filename="modules/environment/boxes/classes_periodic_box.f90">
			<Option weight="2" />
		</Unit>
		<Unit filename="modules/environment/boxes/classes_reciprocal_lattice.f90">
			<Option weight="3" />
		</Unit>
		<Unit filename="modules/environment/boxes/procedures_box_size_memento_factory.f90">
			<Option weight="8" />
		</Unit>
		<Unit filename="modules/environment/boxes/procedures_boxes_factory.f90">
			<Option weight="9" />
		</Unit>
		<Unit filename="modules/environment/boxes/procedures_boxes_size_checker_factory.f90">
			<Option weight="8" />
		</Unit>
		<Unit filename="modules/environment/boxes/procedures_parallelepiped_domain_macro.f90">
			<Option weight="6" />
		</Unit>
		<Unit filename="modules/environment/boxes/procedures_parallelepiped_domain_micro.f90">
			<Option weight="1" />
		</Unit>
		<Unit filename="modules/environment/boxes/procedures_parallelepiped_domains_factory.f90">
			<Option weight="8" />
		</Unit>
		<Unit filename="modules/environment/boxes/procedures_periodic_boxes_factory.f90">
			<Option weight="8" />
		</Unit>
		<Unit filename="modules/environment/boxes/procedures_reciprocal_lattices_factory.f90">
			<Option weight="8" />
		</Unit>
		<Unit filename="modules/environment/classes_beta_pressure.f90">
			<Option weight="2" />
		</Unit>
		<Unit filename="modules/environment/classes_beta_pressure_excess.f90">
			<Option weight="6" />
		</Unit>
		<Unit filename="modules/environment/classes_permittivity.f90">
			<Option weight="2" />
		</Unit>
		<Unit filename="modules/environment/classes_temperature.f90">
			<Option weight="2" />
		</Unit>
		<Unit filename="modules/environment/fields/classes_external_field.f90">
			<Option weight="6" />
		</Unit>
		<Unit filename="modules/environment/fields/classes_field_expression.f90">
			<Option weight="3" />
		</Unit>
		<Unit filename="modules/environment/fields/procedures_external_fields_factory.f90">
			<Option weight="7" />
		</Unit>
		<Unit filename="modules/environment/fields/procedures_field_expression_factory.f90">
			<Option weight="4" />
		</Unit>
		<Unit filename="modules/environment/fields/procedures_field_expression_micro.f90">
			<Option weight="1" />
		</Unit>
		<Unit filename="modules/environment/fields/procedures_fields_factory.f90">
			<Option weight="8" />
		</Unit>
		<Unit filename="modules/environment/procedures_beta_pressure_factory.f90">
			<Option weight="3" />
		</Unit>
		<Unit filename="modules/environment/procedures_beta_pressures_excess_factory.f90">
			<Option weight="8" />
		</Unit>
		<Unit filename="modules/environment/procedures_environment_factory.f90">
			<Option weight="10" />
		</Unit>
		<Unit filename="modules/environment/procedures_environment_inquirers.f90">
			<Option weight="7" />
		</Unit>
		<Unit filename="modules/environment/procedures_permittivity_factory.f90">
			<Option weight="8" />
		</Unit>
		<Unit filename="modules/environment/procedures_temperature_factory.f90">
			<Option weight="3" />
		</Unit>
		<Unit filename="modules/environment/types_environment_wrapper.f90">
			<Option weight="7" />
		</Unit>
		<Unit filename="modules/environment/walls/classes_floor_penetration.f90">
			<Option weight="2" />
		</Unit>
		<Unit filename="modules/environment/walls/classes_visitable_walls.f90">
			<Option weight="4" />
		</Unit>
		<Unit filename="modules/environment/walls/classes_walls_visitor.f90">
			<Option weight="5" />
		</Unit>
		<Unit filename="modules/environment/walls/procedures_centered_block_micro.f90">
			<Option weight="0" />
		</Unit>
		<Unit filename="modules/environment/walls/procedures_floor_penetration_factory.f90">
			<Option weight="8" />
		</Unit>
		<Unit filename="modules/environment/walls/procedures_visitable_walls_factory.f90">
			<Option weight="8" />
		</Unit>
		<Unit filename="modules/environment/walls/procedures_walls_factory.f90">
			<Option weight="9" />
		</Unit>
		<Unit filename="modules/environment/walls/procedures_walls_visitors_factory.f90">
			<Option weight="6" />
		</Unit>
		<Unit filename="modules/exploration/classes_density_explorer.f90">
			<Option weight="10" />
		</Unit>
		<Unit filename="modules/exploration/procedures_density_explorer_factory.f90">
			<Option weight="11" />
		</Unit>
		<Unit filename="modules/exploration/procedures_elementary_statistics.f90">
			<Option weight="0" />
		</Unit>
		<Unit filename="modules/exploration/procedures_exploration_inquirers.f90">
			<Option weight="14" />
		</Unit>
		<Unit filename="modules/exploring_algorithms/classes_exploring_algorithm.f90">
			<Option weight="3" />
		</Unit>
		<Unit filename="modules/exploring_algorithms/classes_maximum_box_compression_explorer.f90">
			<Option weight="12" />
		</Unit>
		<Unit filename="modules/exploring_algorithms/classes_particle_insertion_method.f90">
			<Option weight="11" />
		</Unit>
		<Unit filename="modules/exploring_algorithms/classes_volume_change_method.f90">
			<Option weight="13" />
		</Unit>
		<Unit filename="modules/exploring_algorithms/procedures_maximum_box_compression_explorer_factory.f90">
			<Option weight="14" />
		</Unit>
		<Unit filename="modules/exploring_algorithms/procedures_particle_insertion_method_factory.f90">
			<Option weight="14" />
		</Unit>
		<Unit filename="modules/exploring_algorithms/procedures_volume_change_method_factory.f90">
			<Option weight="14" />
		</Unit>
		<Unit filename="modules/generating_algorithms/classes_box_particle_exchange.f90">
			<Option weight="11" />
		</Unit>
		<Unit filename="modules/generating_algorithms/classes_box_particle_move.f90">
			<Option weight="11" />
		</Unit>
		<Unit filename="modules/generating_algorithms/classes_box_particles_swap.f90">
			<Option weight="11" />
		</Unit>
		<Unit filename="modules/generating_algorithms/classes_box_volume_change.f90">
			<Option weight="13" />
		</Unit>
		<Unit filename="modules/generating_algorithms/classes_generating_algorithm.f90">
			<Option weight="4" />
		</Unit>
		<Unit filename="modules/generating_algorithms/procedures_box_particle_exchange_factory.f90">
			<Option weight="14" />
		</Unit>
		<Unit filename="modules/generating_algorithms/procedures_box_particle_move_factory.f90">
			<Option weight="14" />
		</Unit>
		<Unit filename="modules/generating_algorithms/procedures_box_particles_swap_factory.f90">
			<Option weight="14" />
		</Unit>
		<Unit filename="modules/generating_algorithms/procedures_box_volume_change_factory.f90">
			<Option weight="14" />
		</Unit>
		<Unit filename="modules/generating_algorithms/procedures_generating_algorithms_factory.f90">
			<Option weight="15" />
		</Unit>
		<Unit filename="modules/generating_algorithms/procedures_metropolis_algorithm.f90">
			<Option weight="0" />
		</Unit>
		<Unit filename="modules/generating_algorithms/procedures_selectors_resetters.f90">
			<Option weight="8" />
		</Unit>
		<Unit filename="modules/generating_algorithms/types_generating_algorithms_wrapper.f90">
			<Option weight="14" />
		</Unit>
		<Unit filename="modules/mixture/classes_mixture_total_moment.f90">
			<Option weight="8" />
		</Unit>
		<Unit filename="modules/mixture/composition/classes_average_num_particles.f90">
			<Option weight="6" />
		</Unit>
		<Unit filename="modules/mixture/composition/classes_component_chemical_potential.f90">
			<Option weight="2" />
		</Unit>
		<Unit filename="modules/mixture/composition/classes_num_particles.f90">
			<Option weight="1" />
		</Unit>
		<Unit filename="modules/mixture/composition/procedures_average_num_particles_factory.f90">
			<Option weight="7" />
		</Unit>
		<Unit filename="modules/mixture/composition/procedures_component_chemical_potential_factory.f90">
			<Option weight="3" />
		</Unit>
		<Unit filename="modules/mixture/composition/procedures_composition_factory.f90">
			<Option weight="8" />
		</Unit>
		<Unit filename="modules/mixture/composition/procedures_num_particles_factory.f90">
			<Option weight="2" />
		</Unit>
		<Unit filename="modules/mixture/coordinates/classes_component_coordinates.f90">
			<Option weight="3" />
		</Unit>
		<Unit filename="modules/mixture/coordinates/classes_component_dipole_moments.f90">
			<Option weight="4" />
		</Unit>
		<Unit filename="modules/mixture/coordinates/classes_coordinates.f90">
			<Option weight="1" />
		</Unit>
		<Unit filename="modules/mixture/coordinates/procedures_component_coordinates_factory.f90">
			<Option weight="4" />
		</Unit>
		<Unit filename="modules/mixture/coordinates/procedures_component_dipole_moments_factory.f90">
			<Option weight="5" />
		</Unit>
		<Unit filename="modules/mixture/coordinates/procedures_coordinates_factory.f90">
			<Option weight="6" />
		</Unit>
		<Unit filename="modules/mixture/coordinates/procedures_coordinates_micro.f90">
			<Option weight="2" />
		</Unit>
		<Unit filename="modules/mixture/coordinates/types_raw_coordinates.f90">
			<Option weight="0" />
		</Unit>
		<Unit filename="modules/mixture/hard_core/classes_min_distance.f90">
			<Option weight="2" />
		</Unit>
		<Unit filename="modules/mixture/hard_core/procedures_hard_core_factory.f90">
			<Option weight="8" />
		</Unit>
		<Unit filename="modules/mixture/hard_core/procedures_min_distance_factory.f90">
			<Option weight="3" />
		</Unit>
		<Unit filename="modules/mixture/hard_core/types_min_distance_wrapper.f90">
			<Option weight="3" />
		</Unit>
		<Unit filename="modules/mixture/procedures_component_factory.f90">
			<Option weight="9" />
		</Unit>
		<Unit filename="modules/mixture/procedures_mixture_factory.f90">
			<Option weight="10" />
		</Unit>
		<Unit filename="modules/mixture/procedures_mixture_inquirers.f90">
			<Option weight="5" />
		</Unit>
		<Unit filename="modules/mixture/procedures_mixture_total_moments_factory.f90">
			<Option weight="9" />
		</Unit>
		<Unit filename="modules/mixture/types_component_wrapper.f90">
			<Option weight="7" />
		</Unit>
		<Unit filename="modules/mixture/types_mixture_wrapper.f90">
			<Option weight="9" />
		</Unit>
		<Unit filename="modules/mixture/types_radial_distribution_component.f90">
			<Option weight="0" />
		</Unit>
		<Unit filename="modules/mixture/types_temporary_particle.f90">
			<Option weight="1" />
		</Unit>
		<Unit filename="modules/observables/module_changes_success.f90">
			<Option weight="1" />
		</Unit>
		<Unit filename="modules/observables/procedures_exploring_observables_factory.f90">
			<Option weight="4" />
		</Unit>
		<Unit filename="modules/observables/procedures_generating_observables_factory.f90">
			<Option weight="4" />
		</Unit>
		<Unit filename="modules/observables/procedures_observables_changes_factory.f90">
			<Option weight="3" />
		</Unit>
		<Unit filename="modules/observables/procedures_observables_energies_factory.f90">
			<Option weight="2" />
		</Unit>
		<Unit filename="modules/observables/procedures_triangle_observables.f90">
			<Option weight="1" />
		</Unit>
		<Unit filename="modules/observables/types_exploring_observables_wrapper.f90">
			<Option weight="2" />
		</Unit>
		<Unit filename="modules/observables/types_generating_observables_wrapper.f90">
			<Option weight="3" />
		</Unit>
		<Unit filename="modules/observables/types_observables_changes.f90">
			<Option weight="2" />
		</Unit>
		<Unit filename="modules/observables/types_observables_energies.f90">
			<Option weight="1" />
		</Unit>
		<Unit filename="modules/random/classes_random_coordinates.f90">
			<Option weight="1" />
		</Unit>
		<Unit filename="modules/random/classes_random_orientation.f90">
			<Option weight="2" />
		</Unit>
		<Unit filename="modules/random/classes_random_position.f90">
			<Option weight="6" />
		</Unit>
		<Unit filename="modules/random/classes_tower_sampler.f90">
			<Option weight="2" />
		</Unit>
		<Unit filename="modules/random/procedures_normal_random_number.f90">
			<Option weight="0" />
		</Unit>
		<Unit filename="modules/random/procedures_random_coordinates_factory.f90">
			<Option weight="7" />
		</Unit>
		<Unit filename="modules/random/procedures_random_number.f90">
			<Option weight="2" />
		</Unit>
		<Unit filename="modules/random/procedures_random_seed_factory.f90">
			<Option weight="2" />
		</Unit>
		<Unit filename="modules/random/procedures_tower_sampler_factory.f90">
			<Option weight="3" />
		</Unit>
		<Unit filename="modules/readers/classes_complete_coordinates_reader.f90">
			<Option weight="9" />
		</Unit>
		<Unit filename="modules/readers/classes_component_coordinates_reader.f90">
			<Option weight="4" />
		</Unit>
		<Unit filename="modules/readers/procedures_complete_coordinates_reader.f90">
			<Option weight="2" />
		</Unit>
		<Unit filename="modules/readers/procedures_complete_coordinates_reader_factory.f90">
			<Option weight="10" />
		</Unit>
		<Unit filename="modules/readers/procedures_component_coordinates_reader_factory.f90">
			<Option weight="8" />
		</Unit>
		<Unit filename="modules/readers/procedures_coordinates_reader.f90">
			<Option weight="2" />
		</Unit>
		<Unit filename="modules/readers/procedures_readers_factory.f90">
			<Option weight="11" />
		</Unit>
		<Unit filename="modules/readers/types_component_coordinates_reader_selector.f90">
			<Option weight="0" />
		</Unit>
		<Unit filename="modules/readers/types_component_coordinates_reader_wrapper.f90">
			<Option weight="5" />
		</Unit>
		<Unit filename="modules/readers/types_readers_wrapper.f90">
			<Option weight="10" />
		</Unit>
		<Unit filename="modules/short_interactions/cells/classes_neighbour_cells.f90">
			<Option weight="6" />
		</Unit>
		<Unit filename="modules/short_interactions/cells/classes_visitable_cells.f90">
			<Option weight="7" />
		</Unit>
		<Unit filename="modules/short_interactions/cells/classes_visitable_cells_memento.f90">
			<Option weight="9" />
		</Unit>
		<Unit filename="modules/short_interactions/cells/data_cells.f90">
			<Option weight="1" />
		</Unit>
		<Unit filename="modules/short_interactions/cells/procedures_cells_factory.f90">
			<Option weight="11" />
		</Unit>
		<Unit filename="modules/short_interactions/cells/procedures_neighbour_cells_factory.f90">
			<Option weight="8" />
		</Unit>
		<Unit filename="modules/short_interactions/cells/procedures_neighbour_cells_micro.f90">
			<Option weight="0" />
		</Unit>
		<Unit filename="modules/short_interactions/cells/procedures_visitable_cells_factory.f90">
			<Option weight="8" />
		</Unit>
		<Unit filename="modules/short_interactions/cells/procedures_visitable_cells_memento_factory.f90">
			<Option weight="10" />
		</Unit>
		<Unit filename="modules/short_interactions/cells/types_cells_wrapper.f90">
			<Option weight="8" />
		</Unit>
		<Unit filename="modules/short_interactions/cells/types_neighbour_cells_wrapper.f90">
			<Option weight="7" />
		</Unit>
		<Unit filename="modules/short_interactions/classes_dirac_distribution_plus.f90">
			<Option weight="2" />
		</Unit>
		<Unit filename="modules/short_interactions/classes_hard_contact.f90">
			<Option weight="3" />
		</Unit>
		<Unit filename="modules/short_interactions/classes_visitable_list.f90">
			<Option weight="4" />
		</Unit>
		<Unit filename="modules/short_interactions/module_list_node.f90">
			<Option weight="1" />
		</Unit>
		<Unit filename="modules/short_interactions/pairs/classes_pair_potential.f90">
			<Option weight="3" />
		</Unit>
		<Unit filename="modules/short_interactions/pairs/classes_potential_expression.f90">
			<Option weight="2" />
		</Unit>
		<Unit filename="modules/short_interactions/pairs/classes_short_pairs_visitor.f90">
			<Option weight="4" />
		</Unit>
		<Unit filename="modules/short_interactions/pairs/procedures_pair_potential_factory.f90">
			<Option weight="4" />
		</Unit>
		<Unit filename="modules/short_interactions/pairs/procedures_pairs_factory.f90">
			<Option weight="6" />
		</Unit>
		<Unit filename="modules/short_interactions/pairs/procedures_potential_expression_factory.f90">
			<Option weight="3" />
		</Unit>
		<Unit filename="modules/short_interactions/pairs/procedures_short_pairs_visitors_factory.f90">
			<Option weight="5" />
		</Unit>
		<Unit filename="modules/short_interactions/pairs/types_pair_potential_wrapper.f90">
			<Option weight="4" />
		</Unit>
		<Unit filename="modules/short_interactions/procedures_dirac_distribution_plus.f90">
			<Option weight="3" />
		</Unit>
		<Unit filename="modules/short_interactions/procedures_hard_contact_factory.f90">
			<Option weight="8" />
		</Unit>
		<Unit filename="modules/short_interactions/procedures_short_interactions_factory.f90">
			<Option weight="15" />
		</Unit>
		<Unit filename="modules/short_interactions/procedures_short_interactions_inquirers.f90">
			<Option weight="5" />
		</Unit>
		<Unit filename="modules/short_interactions/procedures_short_interactions_resetter.f90">
			<Option weight="8" />
		</Unit>
		<Unit filename="modules/short_interactions/procedures_short_interactions_visitor.f90">
			<Option weight="11" />
		</Unit>
		<Unit filename="modules/short_interactions/procedures_visitable_list_factory.f90">
			<Option weight="5" />
		</Unit>
		<Unit filename="modules/short_interactions/types_short_interactions_wrapper.f90">
			<Option weight="10" />
		</Unit>
		<Unit filename="modules/writers/classes_changes_success_writer.f90">
			<Option weight="2" />
		</Unit>
		<Unit filename="modules/writers/classes_line_writer.f90">
			<Option weight="4" />
		</Unit>
		<Unit filename="modules/writers/classes_real_writer.f90">
			<Option weight="2" />
		</Unit>
		<Unit filename="modules/writers/classes_rectangle_writer.f90">
			<Option weight="3" />
		</Unit>
		<Unit filename="modules/writers/classes_triangle_writer.f90">
			<Option weight="4" />
		</Unit>
		<Unit filename="modules/writers/coordinates/classes_complete_coordinates_writer.f90">
			<Option weight="9" />
		</Unit>
		<Unit filename="modules/writers/coordinates/classes_component_coordinates_writer.f90">
			<Option weight="4" />
		</Unit>
		<Unit filename="modules/writers/coordinates/procedures_complete_coordinates_writer_factory.f90">
			<Option weight="10" />
		</Unit>
		<Unit filename="modules/writers/coordinates/procedures_component_coordinates_writer_factory.f90">
			<Option weight="8" />
		</Unit>
		<Unit filename="modules/writers/coordinates/types_component_coordinates_writer_selector.f90">
			<Option weight="0" />
		</Unit>
		<Unit filename="modules/writers/coordinates/types_component_coordinates_writer_wrapper.f90">
			<Option weight="5" />
		</Unit>
		<Unit filename="modules/writers/procedures_changes_success_writer_factory.f90">
			<Option weight="8" />
		</Unit>
		<Unit filename="modules/writers/procedures_energies_writers_factory.f90">
			<Option weight="10" />
		</Unit>
		<Unit filename="modules/writers/procedures_exploring_writers_factory.f90">
			<Option weight="15" />
		</Unit>
		<Unit filename="modules/writers/procedures_generating_writers_factory.f90">
			<Option weight="12" />
		</Unit>
		<Unit filename="modules/writers/procedures_line_writer_factory.f90">
			<Option weight="8" />
		</Unit>
		<Unit filename="modules/writers/procedures_real_writer_factory.f90">
			<Option weight="8" />
		</Unit>
		<Unit filename="modules/writers/procedures_rectangle_writer_factory.f90">
			<Option weight="8" />
		</Unit>
		<Unit filename="modules/writers/procedures_triangle_writer_factory.f90">
			<Option weight="8" />
		</Unit>
		<Unit filename="modules/writers/procedures_writers_inquirers.f90">
			<Option weight="3" />
		</Unit>
		<Unit filename="modules/writers/types_changes_success_writer_selector.f90">
			<Option weight="0" />
		</Unit>
		<Unit filename="modules/writers/types_changes_success_writer_wrapper.f90">
			<Option weight="3" />
		</Unit>
		<Unit filename="modules/writers/types_energies_writers.f90">
			<Option weight="5" />
		</Unit>
		<Unit filename="modules/writers/types_exploring_writers_wrapper.f90">
			<Option weight="6" />
		</Unit>
		<Unit filename="modules/writers/types_generating_writers_wrapper.f90">
			<Option weight="10" />
		</Unit>
		<Unit filename="programs/density.f90">
			<Option weight="12" />
			<Option target="density" />
		</Unit>
		<Unit filename="programs/plmc_explore.f90">
			<Option weight="19" />
			<Option target="plmc_explore" />
		</Unit>
		<Unit filename="programs/plmc_generate.f90">
			<Option weight="19" />
			<Option target="plmc_generate" />
		</Unit>
		<Unit filename="programs/radial_inter.f90">
			<Option weight="10" />
			<Option target="radial_inter" />
		</Unit>
		<Unit filename="programs/radial_intra.f90">
			<Option weight="10" />
			<Option target="radial_intra" />
		</Unit>
		<Extensions>
			<code_completion />
			<envvars />
			<debugger />
			<lib_finder disable_auto="1" />
		</Extensions>
	</Project>
</CodeBlocks_project_file>
