<?xml version="1.0" encoding="UTF-8" standalone="yes" ?>
<CodeBlocks_project_file>
	<FileVersion major="1" minor="6" />
	<Project>
		<Option title="PLMC" />
		<Option pch_mode="2" />
		<Option compiler="gfortran" />
		<Build>
			<Target title="Debug">
				<Option output="bin/Debug/plmc" prefix_auto="1" extension_auto="1" />
				<Option working_dir="bin/Debug" />
				<Option object_output="obj/Debug/" />
				<Option type="1" />
				<Option compiler="ifclin" />
				<Option use_console_runner="0" />
				<Compiler>
					<Add option="-warn all" />
					<Add directory="/home/salomon/usr/local/jsonfortran-intel-4.3.0/lib" />
				</Compiler>
				<Linker>
					<Add library="/home/salomon/usr/local/jsonfortran-intel-4.3.0/lib/libjsonfortran.a" />
					<Add library="/home/salomon/usr/local/jsonfortran-intel-4.3.0/lib/libjsonfortran.so" />
				</Linker>
			</Target>
			<Target title="Release">
				<Option output="bin/Release/PLMC" prefix_auto="1" extension_auto="1" />
				<Option working_dir="" />
				<Option object_output="obj/Release/" />
				<Option type="2" />
				<Option compiler="gfortran" />
				<Option createDefFile="1" />
				<Compiler>
					<Add option="-Wall" />
					<Add option="-O2" />
				</Compiler>
				<Linker>
					<Add option="-s" />
				</Linker>
			</Target>
		</Build>
		<Unit filename="modules/changes/class_change_tuner.f90">
			<Option weight="3" />
		</Unit>
		<Unit filename="modules/changes/class_changed_coordinates.f90">
			<Option weight="1" />
		</Unit>
		<Unit filename="modules/changes/class_component_exchange.f90">
			<Option weight="6" />
		</Unit>
		<Unit filename="modules/changes/class_moved_positions.f90">
			<Option weight="4" />
		</Unit>
		<Unit filename="modules/changes/class_rotated_orientations.f90">
			<Option weight="4" />
		</Unit>
		<Unit filename="modules/changes/module_change_tuning.f90">
			<Option weight="1" />
		</Unit>
		<Unit filename="modules/changes/procedures_changes_component_factory.f90">
			<Option weight="8" />
		</Unit>
		<Unit filename="modules/changes/procedures_changes_factory.f90">
			<Option weight="9" />
		</Unit>
		<Unit filename="modules/changes/types_changes_component_wrapper.f90">
			<Option weight="7" />
		</Unit>
		<Unit filename="modules/changes/types_changes_wrapper.f90">
			<Option weight="8" />
		</Unit>
		<Unit filename="modules/common/class_hetero_couples.f90">
			<Option weight="2" />
		</Unit>
		<Unit filename="modules/common/class_number_to_string.f90">
			<Option weight="1" />
		</Unit>
		<Unit filename="modules/common/data_constants.f90">
			<Option weight="0" />
		</Unit>
		<Unit filename="modules/common/data_wrappers_prefix.f90">
			<Option weight="0" />
		</Unit>
		<Unit filename="modules/common/module_plmc_iterations.f90">
			<Option weight="2" />
		</Unit>
		<Unit filename="modules/common/module_string_wrapper.f90">
			<Option weight="2" />
		</Unit>
		<Unit filename="modules/common/procedures_checks.f90">
			<Option weight="1" />
		</Unit>
		<Unit filename="modules/common/procedures_command_arguments.f90">
			<Option weight="2" />
		</Unit>
		<Unit filename="modules/common/procedures_errors.f90">
			<Option weight="0" />
		</Unit>
		<Unit filename="modules/common/procedures_plmc_factory.f90">
			<Option weight="12" />
		</Unit>
		<Unit filename="modules/common/procedures_plmc_propagator.f90">
			<Option weight="11" />
		</Unit>
		<Unit filename="modules/common/procedures_plmc_reset.f90">
			<Option weight="9" />
		</Unit>
		<Unit filename="modules/common/procedures_plmc_visit.f90">
			<Option weight="9" />
		</Unit>
		<Unit filename="modules/common/procedures_plmc_write.f90">
			<Option weight="6" />
		</Unit>
		<Unit filename="modules/common/procedures_property_inquirers.f90">
			<Option weight="7" />
		</Unit>
		<Unit filename="modules/common/types_potential_domain.f90">
			<Option weight="0" />
		</Unit>
		<Unit filename="modules/dipolar_interactions/class_des_convergence_parameter.f90">
			<Option weight="3" />
		</Unit>
		<Unit filename="modules/dipolar_interactions/class_des_real_component.f90">
			<Option weight="5" />
		</Unit>
		<Unit filename="modules/dipolar_interactions/class_des_real_pair.f90">
			<Option weight="4" />
		</Unit>
		<Unit filename="modules/dipolar_interactions/class_des_real_visitor.f90">
			<Option weight="5" />
		</Unit>
		<Unit filename="modules/dipolar_interactions/class_des_reci_structure.f90">
			<Option weight="6" />
		</Unit>
		<Unit filename="modules/dipolar_interactions/class_des_reci_visitor.f90">
			<Option weight="7" />
		</Unit>
		<Unit filename="modules/dipolar_interactions/class_des_reci_weight.f90">
			<Option weight="4" />
		</Unit>
		<Unit filename="modules/dipolar_interactions/class_des_self_component.f90">
			<Option weight="5" />
		</Unit>
		<Unit filename="modules/dipolar_interactions/class_des_surf_mixture.f90">
			<Option weight="7" />
		</Unit>
		<Unit filename="modules/dipolar_interactions/class_dlc_structures.f90">
			<Option weight="6" />
		</Unit>
		<Unit filename="modules/dipolar_interactions/class_dlc_visitor.f90">
			<Option weight="7" />
		</Unit>
		<Unit filename="modules/dipolar_interactions/class_dlc_weight.f90">
			<Option weight="4" />
		</Unit>
		<Unit filename="modules/dipolar_interactions/class_structure_factor.f90">
			<Option weight="2" />
		</Unit>
		<Unit filename="modules/dipolar_interactions/class_structure_visitor.f90">
			<Option weight="2" />
		</Unit>
		<Unit filename="modules/dipolar_interactions/procedures_des_real_factory.f90">
			<Option weight="9" />
		</Unit>
		<Unit filename="modules/dipolar_interactions/procedures_des_reci_factory.f90">
			<Option weight="8" />
		</Unit>
		<Unit filename="modules/dipolar_interactions/procedures_des_self_factory.f90">
			<Option weight="9" />
		</Unit>
		<Unit filename="modules/dipolar_interactions/procedures_des_surf_factory.f90">
			<Option weight="8" />
		</Unit>
		<Unit filename="modules/dipolar_interactions/procedures_dipolar_interactions_factory.f90">
			<Option weight="10" />
		</Unit>
		<Unit filename="modules/dipolar_interactions/procedures_dipolar_interactions_micro.f90">
			<Option weight="1" />
		</Unit>
		<Unit filename="modules/dipolar_interactions/procedures_dipoles_field_interaction.f90">
			<Option weight="5" />
		</Unit>
		<Unit filename="modules/dipolar_interactions/procedures_dlc_factory.f90">
			<Option weight="8" />
		</Unit>
		<Unit filename="modules/dipolar_interactions/types_dipolar_interactions_wrapper.f90">
			<Option weight="8" />
		</Unit>
		<Unit filename="modules/environment/class_external_field.f90">
			<Option weight="4" />
		</Unit>
		<Unit filename="modules/environment/class_field_expression.f90">
			<Option weight="2" />
		</Unit>
		<Unit filename="modules/environment/class_floor_penetration.f90">
			<Option weight="2" />
		</Unit>
		<Unit filename="modules/environment/class_parallelepiped_domain.f90">
			<Option weight="3" />
		</Unit>
		<Unit filename="modules/environment/class_periodic_box.f90">
			<Option weight="2" />
		</Unit>
		<Unit filename="modules/environment/class_permittivity.f90">
			<Option weight="2" />
		</Unit>
		<Unit filename="modules/environment/class_reciprocal_lattice.f90">
			<Option weight="3" />
		</Unit>
		<Unit filename="modules/environment/class_temperature.f90">
			<Option weight="2" />
		</Unit>
		<Unit filename="modules/environment/class_walls_potential.f90">
			<Option weight="4" />
		</Unit>
		<Unit filename="modules/environment/class_walls_potential_visitor.f90">
			<Option weight="5" />
		</Unit>
		<Unit filename="modules/environment/procedures_centered_block_micro.f90">
			<Option weight="0" />
		</Unit>
		<Unit filename="modules/environment/procedures_environment_factory.f90">
			<Option weight="9" />
		</Unit>
		<Unit filename="modules/environment/procedures_parallelepiped_domain_macro.f90">
			<Option weight="4" />
		</Unit>
		<Unit filename="modules/environment/types_environment_wrapper.f90">
			<Option weight="5" />
		</Unit>
		<Unit filename="modules/metropolis_algorithms/class_metropolis_algorithm.f90">
			<Option weight="3" />
		</Unit>
		<Unit filename="modules/metropolis_algorithms/class_one_particle_change.f90">
			<Option weight="9" />
		</Unit>
		<Unit filename="modules/metropolis_algorithms/class_two_particles_switch.f90">
			<Option weight="9" />
		</Unit>
		<Unit filename="modules/metropolis_algorithms/procedures_metropolis_algorithms_factory.f90">
			<Option weight="11" />
		</Unit>
		<Unit filename="modules/metropolis_algorithms/procedures_metropolis_micro.f90">
			<Option weight="1" />
		</Unit>
		<Unit filename="modules/metropolis_algorithms/types_metropolis_algorithms_wrapper.f90">
			<Option weight="10" />
		</Unit>
		<Unit filename="modules/mixture/class_component_chemical_potential.f90">
			<Option weight="2" />
		</Unit>
		<Unit filename="modules/mixture/class_component_coordinates.f90">
			<Option weight="3" />
		</Unit>
		<Unit filename="modules/mixture/class_component_dipolar_moments.f90">
			<Option weight="4" />
		</Unit>
		<Unit filename="modules/mixture/class_component_number.f90">
			<Option weight="1" />
		</Unit>
		<Unit filename="modules/mixture/class_coordinates.f90">
			<Option weight="1" />
		</Unit>
		<Unit filename="modules/mixture/class_minimum_distance.f90">
			<Option weight="2" />
		</Unit>
		<Unit filename="modules/mixture/class_mixture_total_moment.f90">
			<Option weight="6" />
		</Unit>
		<Unit filename="modules/mixture/procedures_component_factory.f90">
			<Option weight="8" />
		</Unit>
		<Unit filename="modules/mixture/procedures_coordinates_micro.f90">
			<Option weight="2" />
		</Unit>
		<Unit filename="modules/mixture/procedures_mixture_factory.f90">
			<Option weight="9" />
		</Unit>
		<Unit filename="modules/mixture/types_component_wrapper.f90">
			<Option weight="5" />
		</Unit>
		<Unit filename="modules/mixture/types_mixture_wrapper.f90">
			<Option weight="7" />
		</Unit>
		<Unit filename="modules/mixture/types_temporary_particle.f90">
			<Option weight="1" />
		</Unit>
		<Unit filename="modules/observables/module_changes_success.f90">
			<Option weight="1" />
		</Unit>
		<Unit filename="modules/observables/procedures_observables_factory.f90">
			<Option weight="6" />
		</Unit>
		<Unit filename="modules/observables/procedures_triangle_observables.f90">
			<Option weight="1" />
		</Unit>
		<Unit filename="modules/observables/types_line_observables.f90">
			<Option weight="0" />
		</Unit>
		<Unit filename="modules/observables/types_observables_wrapper.f90">
			<Option weight="2" />
		</Unit>
		<Unit filename="modules/random/class_tower_sampler.f90">
			<Option weight="2" />
		</Unit>
		<Unit filename="modules/random/procedures_normal_random_number.f90">
			<Option weight="0" />
		</Unit>
		<Unit filename="modules/random/procedures_random_number.f90">
			<Option weight="2" />
		</Unit>
		<Unit filename="modules/short_interactions/class_pair_potential.f90">
			<Option weight="3" />
		</Unit>
		<Unit filename="modules/short_interactions/class_potential_expression.f90">
			<Option weight="2" />
		</Unit>
		<Unit filename="modules/short_interactions/class_short_pairs_visitor.f90">
			<Option weight="4" />
		</Unit>
		<Unit filename="modules/short_interactions/class_visitable_cells.f90">
			<Option weight="5" />
		</Unit>
		<Unit filename="modules/short_interactions/class_visitable_list.f90">
			<Option weight="4" />
		</Unit>
		<Unit filename="modules/short_interactions/module_list_node.f90">
			<Option weight="1" />
		</Unit>
		<Unit filename="modules/short_interactions/procedures_short_interactions_factory.f90">
			<Option weight="8" />
		</Unit>
		<Unit filename="modules/short_interactions/types_short_interactions_wrapper.f90">
			<Option weight="6" />
		</Unit>
		<Unit filename="modules/writers/class_changes_writer.f90">
			<Option weight="2" />
		</Unit>
		<Unit filename="modules/writers/class_component_coordinates_writer.f90">
			<Option weight="4" />
		</Unit>
		<Unit filename="modules/writers/class_energy_writer.f90">
			<Option weight="2" />
		</Unit>
		<Unit filename="modules/writers/class_line_writer.f90">
			<Option weight="3" />
		</Unit>
		<Unit filename="modules/writers/class_triangle_writer.f90">
			<Option weight="3" />
		</Unit>
		<Unit filename="modules/writers/procedures_writers_factory.f90">
			<Option weight="10" />
		</Unit>
		<Unit filename="modules/writers/types_writers_wrapper.f90">
			<Option weight="5" />
		</Unit>
		<Unit filename="programs/plmc.f90">
			<Option weight="13" />
		</Unit>
		<Extensions>
			<code_completion />
			<envvars />
			<debugger />
			<lib_finder disable_auto="1" />
		</Extensions>
	</Project>
</CodeBlocks_project_file>
