<?xml version="1.0" encoding="UTF-8" standalone="yes" ?>
<CodeBlocks_project_file>
	<FileVersion major="1" minor="6" />
	<Project>
		<Option title="PLMC" />
		<Option pch_mode="2" />
		<Option compiler="gfortran" />
		<Build>
			<Target title="Debug">
				<Option output="bin/Debug/plmc" prefix_auto="1" extension_auto="1" />
				<Option working_dir="bin/Debug" />
				<Option object_output="obj/Debug/" />
				<Option type="1" />
				<Option compiler="ifclin" />
				<Option use_console_runner="0" />
				<Compiler>
					<Add option="-warn all" />
					<Add directory="/home/salomon/usr/local/jsonfortran-intel-4.2.0/lib" />
				</Compiler>
				<Linker>
					<Add library="/home/salomon/usr/local/jsonfortran-intel-4.2.0/lib/libjsonfortran.a" />
					<Add library="/home/salomon/usr/local/jsonfortran-intel-4.2.0/lib/libjsonfortran.so" />
				</Linker>
			</Target>
			<Target title="Release">
				<Option output="bin/Release/PLMC" prefix_auto="1" extension_auto="1" />
				<Option working_dir="" />
				<Option object_output="obj/Release/" />
				<Option type="2" />
				<Option compiler="gfortran" />
				<Option createDefFile="1" />
				<Compiler>
					<Add option="-Wall" />
					<Add option="-O2" />
				</Compiler>
				<Linker>
					<Add option="-s" />
				</Linker>
			</Target>
		</Build>
		<Unit filename="lib/src/class_change_tuner.f90">
			<Option weight="3" />
		</Unit>
		<Unit filename="lib/src/class_changed_coordinates.f90">
			<Option weight="1" />
		</Unit>
		<Unit filename="lib/src/class_changes_writer.f90">
			<Option weight="2" />
		</Unit>
		<Unit filename="lib/src/class_ewald_real_pair.f90">
			<Option weight="2" />
		</Unit>
		<Unit filename="lib/src/class_ewald_real_particles.f90">
			<Option weight="5" />
		</Unit>
		<Unit filename="lib/src/class_external_field.f90">
			<Option weight="4" />
		</Unit>
		<Unit filename="lib/src/class_field_expression.f90">
			<Option weight="2" />
		</Unit>
		<Unit filename="lib/src/class_floor_penetration.f90">
			<Option weight="1" />
		</Unit>
		<Unit filename="lib/src/class_inter_energy_writer.f90">
			<Option weight="2" />
		</Unit>
		<Unit filename="lib/src/class_metropolis_algorithm.f90">
			<Option weight="0" />
		</Unit>
		<Unit filename="lib/src/class_monte_carlo_propagator.f90">
			<Option weight="9" />
		</Unit>
		<Unit filename="lib/src/class_moved_positions.f90">
			<Option weight="4" />
		</Unit>
		<Unit filename="lib/src/class_number_to_string.f90">
			<Option weight="1" />
		</Unit>
		<Unit filename="lib/src/class_one_particle_change.f90">
			<Option weight="7" />
		</Unit>
		<Unit filename="lib/src/class_pair_potential.f90">
			<Option weight="3" />
		</Unit>
		<Unit filename="lib/src/class_parallelepiped_domain.f90">
			<Option weight="3" />
		</Unit>
		<Unit filename="lib/src/class_particles_chemical_potential.f90">
			<Option weight="2" />
		</Unit>
		<Unit filename="lib/src/class_particles_coordinates.f90">
			<Option weight="1" />
		</Unit>
		<Unit filename="lib/src/class_particles_coordinates_writer.f90">
			<Option weight="4" />
		</Unit>
		<Unit filename="lib/src/class_particles_diameter.f90">
			<Option weight="2" />
		</Unit>
		<Unit filename="lib/src/class_particles_dipolar_moments.f90">
			<Option weight="4" />
		</Unit>
		<Unit filename="lib/src/class_particles_energy_writer.f90">
			<Option weight="2" />
		</Unit>
		<Unit filename="lib/src/class_particles_exchange.f90">
			<Option weight="7" />
		</Unit>
		<Unit filename="lib/src/class_particles_moment_norm.f90">
			<Option weight="2" />
		</Unit>
		<Unit filename="lib/src/class_particles_number.f90">
			<Option weight="1" />
		</Unit>
		<Unit filename="lib/src/class_particles_orientations.f90">
			<Option weight="3" />
		</Unit>
		<Unit filename="lib/src/class_particles_positions.f90">
			<Option weight="3" />
		</Unit>
		<Unit filename="lib/src/class_particles_potential.f90">
			<Option weight="4" />
		</Unit>
		<Unit filename="lib/src/class_particles_total_moment.f90">
			<Option weight="5" />
		</Unit>
		<Unit filename="lib/src/class_periodic_box.f90">
			<Option weight="2" />
		</Unit>
		<Unit filename="lib/src/class_potential_expression.f90">
			<Option weight="2" />
		</Unit>
		<Unit filename="lib/src/class_reciprocal_lattice.f90">
			<Option weight="3" />
		</Unit>
		<Unit filename="lib/src/class_rotated_orientations.f90">
			<Option weight="4" />
		</Unit>
		<Unit filename="lib/src/class_temperature.f90">
			<Option weight="2" />
		</Unit>
		<Unit filename="lib/src/class_tower_sampler.f90">
			<Option weight="2" />
		</Unit>
		<Unit filename="lib/src/class_visitable_cells.f90">
			<Option weight="5" />
		</Unit>
		<Unit filename="lib/src/class_visitable_list.f90">
			<Option weight="4" />
		</Unit>
		<Unit filename="lib/src/class_walls_potential.f90">
			<Option weight="4" />
		</Unit>
		<Unit filename="lib/src/data_constants.f90">
			<Option weight="0" />
		</Unit>
		<Unit filename="lib/src/data_wrappers_prefix.f90">
			<Option weight="0" />
		</Unit>
		<Unit filename="lib/src/module_change_tuning.f90">
			<Option weight="1" />
		</Unit>
		<Unit filename="lib/src/module_changes_success.f90">
			<Option weight="0" />
		</Unit>
		<Unit filename="lib/src/module_list_node.f90">
			<Option weight="1" />
		</Unit>
		<Unit filename="lib/src/module_particles_energy.f90">
			<Option weight="0" />
		</Unit>
		<Unit filename="lib/src/module_plmc_iterations.f90">
			<Option weight="2" />
		</Unit>
		<Unit filename="lib/src/procedures_changes_factory.f90">
			<Option weight="9" />
		</Unit>
		<Unit filename="lib/src/procedures_checks.f90">
			<Option weight="1" />
		</Unit>
		<Unit filename="lib/src/procedures_command_arguments.f90">
			<Option weight="2" />
		</Unit>
		<Unit filename="lib/src/procedures_coordinates_micro.f90">
			<Option weight="2" />
		</Unit>
		<Unit filename="lib/src/procedures_environment_factory.f90">
			<Option weight="10" />
		</Unit>
		<Unit filename="lib/src/procedures_errors.f90">
			<Option weight="0" />
		</Unit>
		<Unit filename="lib/src/procedures_ewald_factory.f90">
			<Option weight="9" />
		</Unit>
		<Unit filename="lib/src/procedures_ewald_micro.f90">
			<Option weight="1" />
		</Unit>
		<Unit filename="lib/src/procedures_metropolis_factory.f90">
			<Option weight="9" />
		</Unit>
		<Unit filename="lib/src/procedures_observable_writers_factory.f90">
			<Option weight="9" />
		</Unit>
		<Unit filename="lib/src/procedures_parallelepiped_domain_macro.f90">
			<Option weight="4" />
		</Unit>
		<Unit filename="lib/src/procedures_particles_factory.f90">
			<Option weight="9" />
		</Unit>
		<Unit filename="lib/src/procedures_plmc_factory.f90">
			<Option weight="11" />
		</Unit>
		<Unit filename="lib/src/procedures_plmc_visit.f90">
			<Option weight="7" />
		</Unit>
		<Unit filename="lib/src/procedures_plmc_write.f90">
			<Option weight="6" />
		</Unit>
		<Unit filename="lib/src/procedures_property_inquirers.f90">
			<Option weight="8" />
		</Unit>
		<Unit filename="lib/src/procedures_random.f90">
			<Option weight="2" />
		</Unit>
		<Unit filename="lib/src/procedures_short_potential_factory.f90">
			<Option weight="9" />
		</Unit>
		<Unit filename="lib/src/types_changes_wrapper.f90">
			<Option weight="8" />
		</Unit>
		<Unit filename="lib/src/types_environment_wrapper.f90">
			<Option weight="5" />
		</Unit>
		<Unit filename="lib/src/types_ewald_wrapper.f90">
			<Option weight="6" />
		</Unit>
		<Unit filename="lib/src/types_metropolis_wrapper.f90">
			<Option weight="8" />
		</Unit>
		<Unit filename="lib/src/types_observable_writers_wrapper.f90">
			<Option weight="5" />
		</Unit>
		<Unit filename="lib/src/types_observables_wrapper.f90">
			<Option weight="1" />
		</Unit>
		<Unit filename="lib/src/types_particles_wrapper.f90">
			<Option weight="6" />
		</Unit>
		<Unit filename="lib/src/types_potential_domain.f90">
			<Option weight="0" />
		</Unit>
		<Unit filename="lib/src/types_short_potential_wrapper.f90">
			<Option weight="6" />
		</Unit>
		<Unit filename="lib/src/types_temporary_particle.f90">
			<Option weight="1" />
		</Unit>
		<Unit filename="src/plmc.f90">
			<Option weight="12" />
		</Unit>
		<Unit filename="test/src/test_changes_factory.f90">
			<Option compile="0" />
			<Option link="0" />
			<Option weight="11" />
		</Unit>
		<Unit filename="test/src/test_chemical_potential.f90">
			<Option compile="0" />
			<Option link="0" />
			<Option weight="3" />
		</Unit>
		<Unit filename="test/src/test_diameter.f90">
			<Option compile="0" />
			<Option link="0" />
			<Option weight="3" />
		</Unit>
		<Unit filename="test/src/test_dipolar_moments.f90">
			<Option compile="0" />
			<Option link="0" />
			<Option weight="5" />
		</Unit>
		<Unit filename="test/src/test_environment_factory.f90">
			<Option compile="0" />
			<Option link="0" />
			<Option weight="11" />
		</Unit>
		<Unit filename="test/src/test_external_field.f90">
			<Option compile="0" />
			<Option link="0" />
			<Option weight="11" />
		</Unit>
		<Unit filename="test/src/test_field_expression.f90">
			<Option compile="0" />
			<Option link="0" />
			<Option weight="11" />
		</Unit>
		<Unit filename="test/src/test_moment_norm.f90">
			<Option compile="0" />
			<Option link="0" />
			<Option weight="3" />
		</Unit>
		<Unit filename="test/src/test_moved_positions.f90">
			<Option compile="0" />
			<Option link="0" />
			<Option weight="5" />
		</Unit>
		<Unit filename="test/src/test_number.f90">
			<Option compile="0" />
			<Option link="0" />
			<Option weight="2" />
		</Unit>
		<Unit filename="test/src/test_orientations.f90">
			<Option compile="0" />
			<Option link="0" />
			<Option weight="4" />
		</Unit>
		<Unit filename="test/src/test_pair_potential.f90">
			<Option compile="0" />
			<Option link="0" />
			<Option weight="10" />
		</Unit>
		<Unit filename="test/src/test_parallelepiped_domain.f90">
			<Option compile="0" />
			<Option link="0" />
			<Option weight="4" />
		</Unit>
		<Unit filename="test/src/test_parallelepiped_domains.f90">
			<Option compile="0" />
			<Option link="0" />
			<Option weight="11" />
		</Unit>
		<Unit filename="test/src/test_particles_exchange.f90">
			<Option compile="0" />
			<Option link="0" />
			<Option weight="11" />
		</Unit>
		<Unit filename="test/src/test_particles_factory.f90">
			<Option compile="0" />
			<Option link="0" />
			<Option weight="11" />
		</Unit>
		<Unit filename="test/src/test_particles_potential.f90">
			<Option compile="0" />
			<Option link="0" />
			<Option weight="11" />
		</Unit>
		<Unit filename="test/src/test_periodic_box.f90">
			<Option compile="0" />
			<Option link="0" />
			<Option weight="3" />
		</Unit>
		<Unit filename="test/src/test_positions.f90">
			<Option compile="0" />
			<Option link="0" />
			<Option weight="4" />
		</Unit>
		<Unit filename="test/src/test_potential_expression.f90">
			<Option compile="0" />
			<Option link="0" />
			<Option weight="10" />
		</Unit>
		<Unit filename="test/src/test_reciprical_lattice.f90">
			<Option compile="0" />
			<Option link="0" />
			<Option weight="4" />
		</Unit>
		<Unit filename="test/src/test_rotated_orientations.f90">
			<Option compile="0" />
			<Option link="0" />
			<Option weight="5" />
		</Unit>
		<Unit filename="test/src/test_temperature.f90">
			<Option compile="0" />
			<Option link="0" />
			<Option weight="3" />
		</Unit>
		<Unit filename="test/src/test_total_moment.f90">
			<Option compile="0" />
			<Option link="0" />
			<Option weight="6" />
		</Unit>
		<Unit filename="test/src/test_visitable_cells.f90">
			<Option compile="0" />
			<Option link="0" />
			<Option weight="11" />
		</Unit>
		<Unit filename="test/src/test_visitable_list.f90">
			<Option compile="0" />
			<Option link="0" />
			<Option weight="11" />
		</Unit>
		<Extensions>
			<code_completion />
			<envvars />
			<debugger />
			<lib_finder disable_auto="1" />
		</Extensions>
	</Project>
</CodeBlocks_project_file>
